
Microsoft Visual Studio Solution File, Format Version 12.00
# Visual Studio 15
VisualStudioVersion = 15.0.27703.2042
MinimumVisualStudioVersion = 10.0.40219.1
Project("{FAE04EC0-301F-11D3-BF4B-00C04F79EFBC}") = "FizzBuzz", "FizzBuzz\FizzBuzz.csproj", "{143B9F96-CA81-454B-B60F-A5CBF69D09D5}"
EndProject
Project("{FAE04EC0-301F-11D3-BF4B-00C04F79EFBC}") = "FizzBuzzUnitTestProject1", "FizzBuzzUnitTestProject1\FizzBuzzUnitTestProject1.csproj", "{45B9A0BD-FF04-4BDB-9BE8-57035524FAD8}"
EndProject
Global
	GlobalSection(SolutionConfigurationPlatforms) = preSolution
		Debug|Any CPU = Debug|Any CPU
		Release|Any CPU = Release|Any CPU
	EndGlobalSection
	GlobalSection(ProjectConfigurationPlatforms) = postSolution
		{143B9F96-CA81-454B-B60F-A5CBF69D09D5}.Debug|Any CPU.ActiveCfg = Debug|Any CPU
		{143B9F96-CA81-454B-B60F-A5CBF69D09D5}.Debug|Any CPU.Build.0 = Debug|Any CPU
		{143B9F96-CA81-454B-B60F-A5CBF69D09D5}.Release|Any CPU.ActiveCfg = Release|Any CPU
		{143B9F96-CA81-454B-B60F-A5CBF69D09D5}.Release|Any CPU.Build.0 = Release|Any CPU
		{45B9A0BD-FF04-4BDB-9BE8-57035524FAD8}.Debug|Any CPU.ActiveCfg = Debug|Any CPU
		{45B9A0BD-FF04-4BDB-9BE8-57035524FAD8}.Debug|Any CPU.Build.0 = Debug|Any CPU
		{45B9A0BD-FF04-4BDB-9BE8-57035524FAD8}.Release|Any CPU.ActiveCfg = Release|Any CPU
		{45B9A0BD-FF04-4BDB-9BE8-57035524FAD8}.Release|Any CPU.Build.0 = Release|Any CPU
	EndGlobalSection
	GlobalSection(SolutionProperties) = preSolution
		HideSolutionNode = FALSE
	EndGlobalSection
	GlobalSection(ExtensibilityGlobals) = postSolution
		SolutionGuid = {123922ED-4841-4511-8AEE-6EC6ED18BD5D}
	EndGlobalSection
EndGlobal
